// !$*UTF8*$!
{
	archiveVersion = 1;
	classes = {
	};
	objectVersion = 46;
	objects = {

/* Begin PBXBuildFile section */
		220810CA1CE9B9CE00FEA368 /* AppDelegate.swift in Sources */ = {isa = PBXBuildFile; fileRef = 220810C91CE9B9CE00FEA368 /* AppDelegate.swift */; };
		220810CC1CE9B9CE00FEA368 /* ViewController.swift in Sources */ = {isa = PBXBuildFile; fileRef = 220810CB1CE9B9CE00FEA368 /* ViewController.swift */; };
		220810CE1CE9B9CE00FEA368 /* Assets.xcassets in Resources */ = {isa = PBXBuildFile; fileRef = 220810CD1CE9B9CE00FEA368 /* Assets.xcassets */; };
		220810D11CE9B9CE00FEA368 /* Main.storyboard in Resources */ = {isa = PBXBuildFile; fileRef = 220810CF1CE9B9CE00FEA368 /* Main.storyboard */; };
		220810D91CE9CB0900FEA368 /* WordPressSQLManager.swift in Sources */ = {isa = PBXBuildFile; fileRef = 220810D81CE9CB0900FEA368 /* WordPressSQLManager.swift */; };
		220810DC1CE9CB8C00FEA368 /* sqlTemplate.txt in Resources */ = {isa = PBXBuildFile; fileRef = 220810DB1CE9CB8C00FEA368 /* sqlTemplate.txt */; };
		220810E11CE9DFEE00FEA368 /* Sparkle.framework in Frameworks */ = {isa = PBXBuildFile; fileRef = 220810E01CE9DFEE00FEA368 /* Sparkle.framework */; };
		220810E31CE9E02A00FEA368 /* Sparkle.framework in CopyFiles */ = {isa = PBXBuildFile; fileRef = 220810E01CE9DFEE00FEA368 /* Sparkle.framework */; settings = {ATTRIBUTES = (CodeSignOnCopy, RemoveHeadersOnCopy, ); }; };
		220810E51CE9E66F00FEA368 /* AppCast.xml in Resources */ = {isa = PBXBuildFile; fileRef = 220810E41CE9E66F00FEA368 /* AppCast.xml */; };
/* End PBXBuildFile section */

/* Begin PBXCopyFilesBuildPhase section */
		220810E21CE9E00F00FEA368 /* CopyFiles */ = {
			isa = PBXCopyFilesBuildPhase;
			buildActionMask = 2147483647;
			dstPath = "";
			dstSubfolderSpec = 10;
			files = (
				220810E31CE9E02A00FEA368 /* Sparkle.framework in CopyFiles */,
			);
			runOnlyForDeploymentPostprocessing = 0;
		};
/* End PBXCopyFilesBuildPhase section */

/* Begin PBXFileReference section */
		220810C61CE9B9CE00FEA368 /* WordPressSQL.app */ = {isa = PBXFileReference; explicitFileType = wrapper.application; includeInIndex = 0; path = WordPressSQL.app; sourceTree = BUILT_PRODUCTS_DIR; };
		220810C91CE9B9CE00FEA368 /* AppDelegate.swift */ = {isa = PBXFileReference; lastKnownFileType = sourcecode.swift; path = AppDelegate.swift; sourceTree = "<group>"; };
		220810CB1CE9B9CE00FEA368 /* ViewController.swift */ = {isa = PBXFileReference; lastKnownFileType = sourcecode.swift; path = ViewController.swift; sourceTree = "<group>"; };
		220810CD1CE9B9CE00FEA368 /* Assets.xcassets */ = {isa = PBXFileReference; lastKnownFileType = folder.assetcatalog; path = Assets.xcassets; sourceTree = "<group>"; };
		220810D01CE9B9CE00FEA368 /* Base */ = {isa = PBXFileReference; lastKnownFileType = file.storyboard; name = Base; path = Base.lproj/Main.storyboard; sourceTree = "<group>"; };
		220810D21CE9B9CE00FEA368 /* Info.plist */ = {isa = PBXFileReference; lastKnownFileType = text.plist.xml; path = Info.plist; sourceTree = "<group>"; };
		220810D81CE9CB0900FEA368 /* WordPressSQLManager.swift */ = {isa = PBXFileReference; fileEncoding = 4; lastKnownFileType = sourcecode.swift; path = WordPressSQLManager.swift; sourceTree = "<group>"; };
		220810DB1CE9CB8C00FEA368 /* sqlTemplate.txt */ = {isa = PBXFileReference; fileEncoding = 4; lastKnownFileType = text; path = sqlTemplate.txt; sourceTree = "<group>"; };
		220810E01CE9DFEE00FEA368 /* Sparkle.framework */ = {isa = PBXFileReference; lastKnownFileType = wrapper.framework; path = Sparkle.framework; sourceTree = "<group>"; };
		220810E41CE9E66F00FEA368 /* AppCast.xml */ = {isa = PBXFileReference; fileEncoding = 4; lastKnownFileType = text.xml; path = AppCast.xml; sourceTree = "<group>"; };
		2251B9771CEB2657006BD292 /* WordPressSQL.entitlements */ = {isa = PBXFileReference; lastKnownFileType = text.xml; path = WordPressSQL.entitlements; sourceTree = "<group>"; };
/* End PBXFileReference section */

/* Begin PBXFrameworksBuildPhase section */
		220810C31CE9B9CE00FEA368 /* Frameworks */ = {
			isa = PBXFrameworksBuildPhase;
			buildActionMask = 2147483647;
			files = (
				220810E11CE9DFEE00FEA368 /* Sparkle.framework in Frameworks */,
			);
			runOnlyForDeploymentPostprocessing = 0;
		};
/* End PBXFrameworksBuildPhase section */

/* Begin PBXGroup section */
		220810BD1CE9B9CE00FEA368 = {
			isa = PBXGroup;
			children = (
				220810DF1CE9DFD100FEA368 /* Frameworks */,
				220810C81CE9B9CE00FEA368 /* WordPressSQL */,
				220810C71CE9B9CE00FEA368 /* Products */,
			);
			sourceTree = "<group>";
		};
		220810C71CE9B9CE00FEA368 /* Products */ = {
			isa = PBXGroup;
			children = (
				220810C61CE9B9CE00FEA368 /* WordPressSQL.app */,
			);
			name = Products;
			sourceTree = "<group>";
		};
		220810C81CE9B9CE00FEA368 /* WordPressSQL */ = {
			isa = PBXGroup;
			children = (
				2251B9771CEB2657006BD292 /* WordPressSQL.entitlements */,
				220810DA1CE9CB7900FEA368 /* Resources */,
				220810C91CE9B9CE00FEA368 /* AppDelegate.swift */,
				220810CB1CE9B9CE00FEA368 /* ViewController.swift */,
				220810CD1CE9B9CE00FEA368 /* Assets.xcassets */,
				220810CF1CE9B9CE00FEA368 /* Main.storyboard */,
				220810D21CE9B9CE00FEA368 /* Info.plist */,
				220810D81CE9CB0900FEA368 /* WordPressSQLManager.swift */,
			);
			path = WordPressSQL;
			sourceTree = "<group>";
		};
		220810DA1CE9CB7900FEA368 /* Resources */ = {
			isa = PBXGroup;
			children = (
				220810DB1CE9CB8C00FEA368 /* sqlTemplate.txt */,
				220810E41CE9E66F00FEA368 /* AppCast.xml */,
			);
			name = Resources;
			sourceTree = "<group>";
		};
		220810DF1CE9DFD100FEA368 /* Frameworks */ = {
			isa = PBXGroup;
			children = (
				220810E01CE9DFEE00FEA368 /* Sparkle.framework */,
			);
			name = Frameworks;
			sourceTree = "<group>";
		};
/* End PBXGroup section */

/* Begin PBXNativeTarget section */
		220810C51CE9B9CE00FEA368 /* WordPressSQL */ = {
			isa = PBXNativeTarget;
			buildConfigurationList = 220810D51CE9B9CE00FEA368 /* Build configuration list for PBXNativeTarget "WordPressSQL" */;
			buildPhases = (
				220810C21CE9B9CE00FEA368 /* Sources */,
				220810C31CE9B9CE00FEA368 /* Frameworks */,
				220810C41CE9B9CE00FEA368 /* Resources */,
				220810DE1CE9D0CE00FEA368 /* ShellScript */,
				220810E21CE9E00F00FEA368 /* CopyFiles */,
			);
			buildRules = (
			);
			dependencies = (
			);
			name = WordPressSQL;
			productName = WordPressSQL;
			productReference = 220810C61CE9B9CE00FEA368 /* WordPressSQL.app */;
			productType = "com.apple.product-type.application";
		};
/* End PBXNativeTarget section */

/* Begin PBXProject section */
		220810BE1CE9B9CE00FEA368 /* Project object */ = {
			isa = PBXProject;
			attributes = {
				LastSwiftUpdateCheck = 0730;
				LastUpgradeCheck = 0900;
				ORGANIZATIONNAME = SJDco;
				TargetAttributes = {
					220810C51CE9B9CE00FEA368 = {
						CreatedOnToolsVersion = 7.3.1;
						DevelopmentTeam = N5B3FJPB8K;
						LastSwiftMigration = 0900;
						ProvisioningStyle = Automatic;
						SystemCapabilities = {
							com.apple.Sandbox = {
								enabled = 0;
							};
						};
					};
				};
			};
			buildConfigurationList = 220810C11CE9B9CE00FEA368 /* Build configuration list for PBXProject "WordPressSQL" */;
			compatibilityVersion = "Xcode 3.2";
			developmentRegion = English;
			hasScannedForEncodings = 0;
			knownRegions = (
				en,
				Base,
			);
			mainGroup = 220810BD1CE9B9CE00FEA368;
			productRefGroup = 220810C71CE9B9CE00FEA368 /* Products */;
			projectDirPath = "";
			projectRoot = "";
			targets = (
				220810C51CE9B9CE00FEA368 /* WordPressSQL */,
			);
		};
/* End PBXProject section */

/* Begin PBXResourcesBuildPhase section */
		220810C41CE9B9CE00FEA368 /* Resources */ = {
			isa = PBXResourcesBuildPhase;
			buildActionMask = 2147483647;
			files = (
				220810CE1CE9B9CE00FEA368 /* Assets.xcassets in Resources */,
				220810D11CE9B9CE00FEA368 /* Main.storyboard in Resources */,
				220810E51CE9E66F00FEA368 /* AppCast.xml in Resources */,
				220810DC1CE9CB8C00FEA368 /* sqlTemplate.txt in Resources */,
			);
			runOnlyForDeploymentPostprocessing = 0;
		};
/* End PBXResourcesBuildPhase section */

/* Begin PBXShellScriptBuildPhase section */
		220810DE1CE9D0CE00FEA368 /* ShellScript */ = {
			isa = PBXShellScriptBuildPhase;
			buildActionMask = 2147483647;
			files = (
			);
			inputPaths = (
			);
			outputPaths = (
			);
			runOnlyForDeploymentPostprocessing = 0;
			shellPath = /bin/bash;
			shellScript = "#!/bin/bash\nbuildNumber=$(/usr/libexec/PlistBuddy -c \"Print CFBundleVersion\" \"$INFOPLIST_FILE\")\nbuildNumber=$(($buildNumber + 1))\n/usr/libexec/PlistBuddy -c \"Set :CFBundleVersion $buildNumber\" \"$INFOPLIST_FILE\"";
		};
/* End PBXShellScriptBuildPhase section */

/* Begin PBXSourcesBuildPhase section */
		220810C21CE9B9CE00FEA368 /* Sources */ = {
			isa = PBXSourcesBuildPhase;
			buildActionMask = 2147483647;
			files = (
				220810CC1CE9B9CE00FEA368 /* ViewController.swift in Sources */,
				220810CA1CE9B9CE00FEA368 /* AppDelegate.swift in Sources */,
				220810D91CE9CB0900FEA368 /* WordPressSQLManager.swift in Sources */,
			);
			runOnlyForDeploymentPostprocessing = 0;
		};
/* End PBXSourcesBuildPhase section */

/* Begin PBXVariantGroup section */
		220810CF1CE9B9CE00FEA368 /* Main.storyboard */ = {
			isa = PBXVariantGroup;
			children = (
				220810D01CE9B9CE00FEA368 /* Base */,
			);
			name = Main.storyboard;
			sourceTree = "<group>";
		};
/* End PBXVariantGroup section */

/* Begin XCBuildConfiguration section */
		220810D31CE9B9CE00FEA368 /* Debug */ = {
			isa = XCBuildConfiguration;
			buildSettings = {
				ALWAYS_SEARCH_USER_PATHS = NO;
				CLANG_ANALYZER_NONNULL = YES;
				CLANG_CXX_LANGUAGE_STANDARD = "gnu++0x";
				CLANG_CXX_LIBRARY = "libc++";
				CLANG_ENABLE_MODULES = YES;
				CLANG_ENABLE_OBJC_ARC = YES;
				CLANG_WARN_BLOCK_CAPTURE_AUTORELEASING = YES;
				CLANG_WARN_BOOL_CONVERSION = YES;
				CLANG_WARN_COMMA = YES;
				CLANG_WARN_CONSTANT_CONVERSION = YES;
				CLANG_WARN_DIRECT_OBJC_ISA_USAGE = YES_ERROR;
				CLANG_WARN_EMPTY_BODY = YES;
				CLANG_WARN_ENUM_CONVERSION = YES;
				CLANG_WARN_INFINITE_RECURSION = YES;
				CLANG_WARN_INT_CONVERSION = YES;
				CLANG_WARN_NON_LITERAL_NULL_CONVERSION = YES;
				CLANG_WARN_OBJC_LITERAL_CONVERSION = YES;
				CLANG_WARN_OBJC_ROOT_CLASS = YES_ERROR;
				CLANG_WARN_RANGE_LOOP_ANALYSIS = YES;
				CLANG_WARN_STRICT_PROTOTYPES = YES;
				CLANG_WARN_SUSPICIOUS_MOVE = YES;
				CLANG_WARN_UNREACHABLE_CODE = YES;
				CLANG_WARN__DUPLICATE_METHOD_MATCH = YES;
				CODE_SIGN_IDENTITY = "-";
				COPY_PHASE_STRIP = NO;
				DEBUG_INFORMATION_FORMAT = dwarf;
				ENABLE_STRICT_OBJC_MSGSEND = YES;
				ENABLE_TESTABILITY = YES;
				GCC_C_LANGUAGE_STANDARD = gnu99;
				GCC_DYNAMIC_NO_PIC = NO;
				GCC_NO_COMMON_BLOCKS = YES;
				GCC_OPTIMIZATION_LEVEL = 0;
				GCC_PREPROCESSOR_DEFINITIONS = (
					"DEBUG=1",
					"$(inherited)",
				);
				GCC_WARN_64_TO_32_BIT_CONVERSION = YES;
				GCC_WARN_ABOUT_RETURN_TYPE = YES_ERROR;
				GCC_WARN_UNDECLARED_SELECTOR = YES;
				GCC_WARN_UNINITIALIZED_AUTOS = YES_AGGRESSIVE;
				GCC_WARN_UNUSED_FUNCTION = YES;
				GCC_WARN_UNUSED_VARIABLE = YES;
				MACOSX_DEPLOYMENT_TARGET = 10.11;
				MTL_ENABLE_DEBUG_INFO = YES;
				ONLY_ACTIVE_ARCH = YES;
				SDKROOT = macosx;
				SWIFT_OPTIMIZATION_LEVEL = "-Onone";
			};
			name = Debug;
		};
		220810D41CE9B9CE00FEA368 /* Release */ = {
			isa = XCBuildConfiguration;
			buildSettings = {
				ALWAYS_SEARCH_USER_PATHS = NO;
				CLANG_ANALYZER_NONNULL = YES;
				CLANG_CXX_LANGUAGE_STANDARD = "gnu++0x";
				CLANG_CXX_LIBRARY = "libc++";
				CLANG_ENABLE_MODULES = YES;
				CLANG_ENABLE_OBJC_ARC = YES;
				CLANG_WARN_BLOCK_CAPTURE_AUTORELEASING = YES;
				CLANG_WARN_BOOL_CONVERSION = YES;
				CLANG_WARN_COMMA = YES;
				CLANG_WARN_CONSTANT_CONVERSION = YES;
				CLANG_WARN_DIRECT_OBJC_ISA_USAGE = YES_ERROR;
				CLANG_WARN_EMPTY_BODY = YES;
				CLANG_WARN_ENUM_CONVERSION = YES;
				CLANG_WARN_INFINITE_RECURSION = YES;
				CLANG_WARN_INT_CONVERSION = YES;
				CLANG_WARN_NON_LITERAL_NULL_CONVERSION = YES;
				CLANG_WARN_OBJC_LITERAL_CONVERSION = YES;
				CLANG_WARN_OBJC_ROOT_CLASS = YES_ERROR;
				CLANG_WARN_RANGE_LOOP_ANALYSIS = YES;
				CLANG_WARN_STRICT_PROTOTYPES = YES;
				CLANG_WARN_SUSPICIOUS_MOVE = YES;
				CLANG_WARN_UNREACHABLE_CODE = YES;
				CLANG_WARN__DUPLICATE_METHOD_MATCH = YES;
				CODE_SIGN_IDENTITY = "-";
				COPY_PHASE_STRIP = NO;
				DEBUG_INFORMATION_FORMAT = "dwarf-with-dsym";
				ENABLE_NS_ASSERTIONS = NO;
				ENABLE_STRICT_OBJC_MSGSEND = YES;
				GCC_C_LANGUAGE_STANDARD = gnu99;
				GCC_NO_COMMON_BLOCKS = YES;
				GCC_WARN_64_TO_32_BIT_CONVERSION = YES;
				GCC_WARN_ABOUT_RETURN_TYPE = YES_ERROR;
				GCC_WARN_UNDECLARED_SELECTOR = YES;
				GCC_WARN_UNINITIALIZED_AUTOS = YES_AGGRESSIVE;
				GCC_WARN_UNUSED_FUNCTION = YES;
				GCC_WARN_UNUSED_VARIABLE = YES;
				MACOSX_DEPLOYMENT_TARGET = 10.11;
				MTL_ENABLE_DEBUG_INFO = NO;
				SDKROOT = macosx;
				SWIFT_OPTIMIZATION_LEVEL = "-Owholemodule";
			};
			name = Release;
		};
		220810D61CE9B9CE00FEA368 /* Debug */ = {
			isa = XCBuildConfiguration;
			buildSettings = {
				ASSETCATALOG_COMPILER_APPICON_NAME = AppIcon;
				CODE_SIGN_IDENTITY = "Mac Developer";
				CODE_SIGN_STYLE = Automatic;
				COMBINE_HIDPI_IMAGES = YES;
				DEVELOPMENT_TEAM = N5B3FJPB8K;
				FRAMEWORK_SEARCH_PATHS = (
					"$(inherited)",
					"$(PROJECT_DIR)",
				);
				INFOPLIST_FILE = WordPressSQL/Info.plist;
				LD_RUNPATH_SEARCH_PATHS = "$(inherited) @executable_path/../Frameworks @loader_path/../Frameworks";
				PRODUCT_BUNDLE_IDENTIFIER = com.sjd.WordPressSQL;
				PRODUCT_NAME = "$(TARGET_NAME)";
				PROVISIONING_PROFILE_SPECIFIER = "";
				SWIFT_SWIFT3_OBJC_INFERENCE = Default;
				SWIFT_VERSION = 4.0;
			};
			name = Debug;
		};
		220810D71CE9B9CE00FEA368 /* Release */ = {
			isa = XCBuildConfiguration;
			buildSettings = {
				ASSETCATALOG_COMPILER_APPICON_NAME = AppIcon;
				CODE_SIGN_IDENTITY = "Mac Developer";
				CODE_SIGN_STYLE = Automatic;
				COMBINE_HIDPI_IMAGES = YES;
				DEVELOPMENT_TEAM = N5B3FJPB8K;
				FRAMEWORK_SEARCH_PATHS = (
					"$(inherited)",
					"$(PROJECT_DIR)",
				);
				INFOPLIST_FILE = WordPressSQL/Info.plist;
				LD_RUNPATH_SEARCH_PATHS = "$(inherited) @executable_path/../Frameworks @loader_path/../Frameworks";
				PRODUCT_BUNDLE_IDENTIFIER = com.sjd.WordPressSQL;
				PRODUCT_NAME = "$(TARGET_NAME)";
				PROVISIONING_PROFILE_SPECIFIER = "";
				SWIFT_SWIFT3_OBJC_INFERENCE = Default;
				SWIFT_VERSION = 4.0;
			};
			name = Release;
		};
/* End XCBuildConfiguration section */

/* Begin XCConfigurationList section */
		220810C11CE9B9CE00FEA368 /* Build configuration list for PBXProject "WordPressSQL" */ = {
			isa = XCConfigurationList;
			buildConfigurations = (
				220810D31CE9B9CE00FEA368 /* Debug */,
				220810D41CE9B9CE00FEA368 /* Release */,
			);
			defaultConfigurationIsVisible = 0;
			defaultConfigurationName = Release;
		};
		220810D51CE9B9CE00FEA368 /* Build configuration list for PBXNativeTarget "WordPressSQL" */ = {
			isa = XCConfigurationList;
			buildConfigurations = (
				220810D61CE9B9CE00FEA368 /* Debug */,
				220810D71CE9B9CE00FEA368 /* Release */,
			);
			defaultConfigurationIsVisible = 0;
			defaultConfigurationName = Release;
		};
/* End XCConfigurationList section */
	};
	rootObject = 220810BE1CE9B9CE00FEA368 /* Project object */;
}
